cd canonar
# (опционально зафиксируй Node, на которой у тебя локально всё ставится)
# nvm use 18 || nvm use 20

# создать lock без установки node_modules:
npm install --package-lock-only
# или обычная установка (тоже создаст lock):
# npm install

git add package-lock.json
git commit -m "chore(canonar): add package-lock.json"
git push
